
Microsoft Visual Studio Solution File, Format Version 12.00
# Visual Studio Version 17
VisualStudioVersion = 17.14.36310.24 d17.14
MinimumVisualStudioVersion = 10.0.40219.1
Project("{FAE04EC0-301F-11D3-BF4B-00C04F79EFBC}") = "WPF_IceTask1", "WPF_IceTask1\WPF_IceTask1.csproj", "{33793A90-57F7-44EF-90AC-811391870F34}"
EndProject
Global
	GlobalSection(SolutionConfigurationPlatforms) = preSolution
		Debug|Any CPU = Debug|Any CPU
		Release|Any CPU = Release|Any CPU
	EndGlobalSection
	GlobalSection(ProjectConfigurationPlatforms) = postSolution
		{33793A90-57F7-44EF-90AC-811391870F34}.Debug|Any CPU.ActiveCfg = Debug|Any CPU
		{33793A90-57F7-44EF-90AC-811391870F34}.Debug|Any CPU.Build.0 = Debug|Any CPU
		{33793A90-57F7-44EF-90AC-811391870F34}.Release|Any CPU.ActiveCfg = Release|Any CPU
		{33793A90-57F7-44EF-90AC-811391870F34}.Release|Any CPU.Build.0 = Release|Any CPU
	EndGlobalSection
	GlobalSection(SolutionProperties) = preSolution
		HideSolutionNode = FALSE
	EndGlobalSection
	GlobalSection(ExtensibilityGlobals) = postSolution
		SolutionGuid = {8A9B340A-851D-4920-A0AA-11F553F50498}
	EndGlobalSection
EndGlobal
